
Microsoft Visual Studio Solution File, Format Version 12.00
# Visual Studio Version 17
VisualStudioVersion = 17.14.36511.14
MinimumVisualStudioVersion = 10.0.40219.1
Project("{FAE04EC0-301F-11D3-BF4B-00C04F79EFBC}") = "01_MainSubject", "01_MainSubject\01_MainSubject.csproj", "{31A71156-3FCA-4708-8778-41C31EB2FE8A}"
EndProject
Project("{FAE04EC0-301F-11D3-BF4B-00C04F79EFBC}") = "02_Variables", "02_Variables\02_Variables.csproj", "{63AA1E75-5A90-4B44-9B4B-148E921BD935}"
EndProject
Project("{FAE04EC0-301F-11D3-BF4B-00C04F79EFBC}") = "03_MakingDecision", "03_MakingDecision\03_MakingDecision.csproj", "{3A5DD15B-5128-437C-98B2-68886A2211F1}"
EndProject
Project("{2150E333-8FDC-42A3-9474-1A3956D46DE8}") = "Solution Items", "Solution Items", "{8EC462FD-D22E-90A8-E5CE-7E832BA40C5D}"
	ProjectSection(SolutionItems) = preProject
		.gitignore = .gitignore
	EndProjectSection
EndProject
Global
	GlobalSection(SolutionConfigurationPlatforms) = preSolution
		Debug|Any CPU = Debug|Any CPU
		Release|Any CPU = Release|Any CPU
	EndGlobalSection
	GlobalSection(ProjectConfigurationPlatforms) = postSolution
		{31A71156-3FCA-4708-8778-41C31EB2FE8A}.Debug|Any CPU.ActiveCfg = Debug|Any CPU
		{31A71156-3FCA-4708-8778-41C31EB2FE8A}.Debug|Any CPU.Build.0 = Debug|Any CPU
		{31A71156-3FCA-4708-8778-41C31EB2FE8A}.Release|Any CPU.ActiveCfg = Release|Any CPU
		{31A71156-3FCA-4708-8778-41C31EB2FE8A}.Release|Any CPU.Build.0 = Release|Any CPU
		{63AA1E75-5A90-4B44-9B4B-148E921BD935}.Debug|Any CPU.ActiveCfg = Debug|Any CPU
		{63AA1E75-5A90-4B44-9B4B-148E921BD935}.Debug|Any CPU.Build.0 = Debug|Any CPU
		{63AA1E75-5A90-4B44-9B4B-148E921BD935}.Release|Any CPU.ActiveCfg = Release|Any CPU
		{63AA1E75-5A90-4B44-9B4B-148E921BD935}.Release|Any CPU.Build.0 = Release|Any CPU
		{3A5DD15B-5128-437C-98B2-68886A2211F1}.Debug|Any CPU.ActiveCfg = Debug|Any CPU
		{3A5DD15B-5128-437C-98B2-68886A2211F1}.Debug|Any CPU.Build.0 = Debug|Any CPU
		{3A5DD15B-5128-437C-98B2-68886A2211F1}.Release|Any CPU.ActiveCfg = Release|Any CPU
		{3A5DD15B-5128-437C-98B2-68886A2211F1}.Release|Any CPU.Build.0 = Release|Any CPU
	EndGlobalSection
	GlobalSection(SolutionProperties) = preSolution
		HideSolutionNode = FALSE
	EndGlobalSection
	GlobalSection(ExtensibilityGlobals) = postSolution
		SolutionGuid = {4D45C562-A432-491A-874D-F4E127A793C9}
	EndGlobalSection
EndGlobal
